<?xml version="1.0" encoding="utf-8"?>
<Project ToolsVersion="4.0" xmlns="http://schemas.microsoft.com/developer/msbuild/2003">
  <ItemGroup>
    <ClInclude Include="Inc\Common.h">
      <Filter>Inc</Filter>
    </ClInclude>
    <ClInclude Include="Inc\Graphics.h">
      <Filter>Inc</Filter>
    </ClInclude>
    <ClInclude Include="Src\Precompiled.h">
      <Filter>Src</Filter>
    </ClInclude>
    <ClInclude Include="Inc\GraphicsSystem.h">
      <Filter>Inc</Filter>
    </ClInclude>
    <ClInclude Include="Inc\VertexShader.h">
      <Filter>Inc</Filter>
    </ClInclude>
    <ClInclude Include="Inc\PixelShader.h">
      <Filter>Inc</Filter>
    </ClInclude>
    <ClInclude Include="Inc\VertexTypes.h">
      <Filter>Inc</Filter>
    </ClInclude>
    <ClInclude Include="Inc\MeshBuffer.h">
      <Filter>Inc</Filter>
    </ClInclude>
    <ClInclude Include="Inc\ConstantBuffer.h">
      <Filter>Inc</Filter>
    </ClInclude>
    <ClInclude Include="Inc\Camera.h">
      <Filter>Inc</Filter>
    </ClInclude>
    <ClInclude Include="Inc\Mesh.h">
      <Filter>Inc</Filter>
    </ClInclude>
    <ClInclude Include="Inc\MeshBuilder.h">
      <Filter>Inc</Filter>
    </ClInclude>
    <ClInclude Include="Inc\Sampler.h">
      <Filter>Inc</Filter>
    </ClInclude>
    <ClInclude Include="Inc\Texture.h">
      <Filter>Inc</Filter>
    </ClInclude>
    <ClInclude Include="Inc\SimpleDraw.h">
      <Filter>Inc</Filter>
    </ClInclude>
    <ClInclude Include="Inc\Light.h">
      <Filter>Inc</Filter>
    </ClInclude>
    <ClInclude Include="Inc\Material.h">
      <Filter>Inc</Filter>
    </ClInclude>
    <ClInclude Include="Inc\Gui.h">
      <Filter>Inc</Filter>
    </ClInclude>
    <ClInclude Include="Inc\RenderTarget.h">
      <Filter>Inc</Filter>
    </ClInclude>
    <ClInclude Include="Inc\ModelLoader.h">
      <Filter>Inc</Filter>
    </ClInclude>
    <ClInclude Include="Inc\Keyframe.h">
      <Filter>Inc\Animations</Filter>
    </ClInclude>
    <ClInclude Include="Inc\Animation.h">
      <Filter>Inc\Animations</Filter>
    </ClInclude>
    <ClInclude Include="Inc\AnimationBuilder.h">
      <Filter>Inc\Animations</Filter>
    </ClInclude>
    <ClInclude Include="Inc\RasterizerState.h">
      <Filter>Inc</Filter>
    </ClInclude>
    <ClInclude Include="Inc\Bone.h">
      <Filter>Inc</Filter>
    </ClInclude>
    <ClInclude Include="Inc\Model.h">
      <Filter>Inc</Filter>
    </ClInclude>
    <ClInclude Include="Inc\BoneAnimation.h">
      <Filter>Inc\Animations</Filter>
    </ClInclude>
    <ClInclude Include="Inc\AnimationClip.h">
      <Filter>Inc\Animations</Filter>
    </ClInclude>
    <ClInclude Include="Inc\AnimationIO.h">
      <Filter>Inc\Animations</Filter>
    </ClInclude>
    <ClInclude Include="Inc\SpriteRenderer.h">
      <Filter>Inc\2D</Filter>
    </ClInclude>
    <ClInclude Include="Inc\TextureManager.h">
      <Filter>Inc\2D</Filter>
    </ClInclude>
    <ClInclude Include="Inc\SpriteCommand.h">
      <Filter>Inc\2D</Filter>
    </ClInclude>
    <ClInclude Include="Inc\Font.h">
      <Filter>Inc</Filter>
    </ClInclude>
    <ClInclude Include="Inc\TextCommand.h">
      <Filter>Inc</Filter>
    </ClInclude>
    <ClInclude Include="Inc\Config.h">
      <Filter>Inc</Filter>
    </ClInclude>
  </ItemGroup>
  <ItemGroup>
    <Filter Include="Inc">
      <UniqueIdentifier>{83fe9061-66a5-4803-a16c-043b246de13a}</UniqueIdentifier>
    </Filter>
    <Filter Include="Src">
      <UniqueIdentifier>{435e81f4-b5a4-41d2-ad08-ba93b5cd5713}</UniqueIdentifier>
    </Filter>
    <Filter Include="Inc\Animations">
      <UniqueIdentifier>{182940a3-b319-46a8-bab0-ea708d25973b}</UniqueIdentifier>
    </Filter>
    <Filter Include="Src\Animations">
      <UniqueIdentifier>{e2bc9f69-401b-41b6-9502-619df368e1e9}</UniqueIdentifier>
    </Filter>
    <Filter Include="Src\2D">
      <UniqueIdentifier>{47f49f7f-00ef-4564-86ce-cb70ccf11ad2}</UniqueIdentifier>
    </Filter>
    <Filter Include="Inc\2D">
      <UniqueIdentifier>{2577b120-67fa-439d-86d8-365e1fcd696d}</UniqueIdentifier>
    </Filter>
  </ItemGroup>
  <ItemGroup>
    <ClCompile Include="Src\Precompiled.cpp">
      <Filter>Src</Filter>
    </ClCompile>
    <ClCompile Include="Src\GraphicsSystem.cpp">
      <Filter>Src</Filter>
    </ClCompile>
    <ClCompile Include="Src\VertexShader.cpp">
      <Filter>Src</Filter>
    </ClCompile>
    <ClCompile Include="Src\PixelShader.cpp">
      <Filter>Src</Filter>
    </ClCompile>
    <ClCompile Include="Src\MeshBuffer.cpp">
      <Filter>Src</Filter>
    </ClCompile>
    <ClCompile Include="Src\ConstantBuffer.cpp">
      <Filter>Src</Filter>
    </ClCompile>
    <ClCompile Include="Src\Camera.cpp">
      <Filter>Src</Filter>
    </ClCompile>
    <ClCompile Include="Src\MeshBuilder.cpp">
      <Filter>Src</Filter>
    </ClCompile>
    <ClCompile Include="Src\Sampler.cpp">
      <Filter>Src</Filter>
    </ClCompile>
    <ClCompile Include="Src\Texture.cpp">
      <Filter>Src</Filter>
    </ClCompile>
    <ClCompile Include="Src\SimpleDraw.cpp">
      <Filter>Src</Filter>
    </ClCompile>
    <ClCompile Include="Src\Gui.cpp">
      <Filter>Src</Filter>
    </ClCompile>
    <ClCompile Include="Src\RenderTarget.cpp">
      <Filter>Src</Filter>
    </ClCompile>
    <ClCompile Include="Src\ModelLoader.cpp">
      <Filter>Src</Filter>
    </ClCompile>
    <ClCompile Include="Src\AnimationBuilder.cpp">
      <Filter>Src\Animations</Filter>
    </ClCompile>
    <ClCompile Include="Src\Animation.cpp">
      <Filter>Src\Animations</Filter>
    </ClCompile>
    <ClCompile Include="Src\RasterizerState.cpp">
      <Filter>Src</Filter>
    </ClCompile>
    <ClCompile Include="Src\Model.cpp">
      <Filter>Src</Filter>
    </ClCompile>
    <ClCompile Include="Src\AnimationClip.cpp">
      <Filter>Src\Animations</Filter>
    </ClCompile>
    <ClCompile Include="Src\AnimationIO.cpp">
      <Filter>Src\Animations</Filter>
    </ClCompile>
    <ClCompile Include="Src\SpriteRenderer.cpp">
      <Filter>Src\2D</Filter>
    </ClCompile>
    <ClCompile Include="Src\TextureManager.cpp">
      <Filter>Src\2D</Filter>
    </ClCompile>
    <ClCompile Include="Src\Graphics.cpp">
      <Filter>Src</Filter>
    </ClCompile>
    <ClCompile Include="Src\Font.cpp">
      <Filter>Src</Filter>
    </ClCompile>
    <ClCompile Include="Src\Config.cpp">
      <Filter>Src</Filter>
    </ClCompile>
  </ItemGroup>
</Project>