
Microsoft Visual Studio Solution File, Format Version 12.00
# Visual Studio 15
VisualStudioVersion = 15.0.28010.2003
MinimumVisualStudioVersion = 10.0.40219.1
Project("{8BC9CEB8-8B4A-11D0-8D11-00A0C91BC942}") = "Core", "Core\Core.vcxproj", "{FDA1346B-4FFF-4535-A5D5-7D9208CB264C}"
EndProject
Project("{8BC9CEB8-8B4A-11D0-8D11-00A0C91BC942}") = "Math", "Math\Math.vcxproj", "{4253116A-8C36-4426-BBC1-68190AFBEDF1}"
EndProject
Project("{2150E333-8FDC-42A3-9474-1A3956D46DE8}") = "Framework", "Framework", "{C59DAB29-74DA-44A2-82D0-CCBC2D1AB71A}"
EndProject
Project("{2150E333-8FDC-42A3-9474-1A3956D46DE8}") = "VGP242", "VGP242", "{911D1475-5C1A-4D43-A268-D31102A66606}"
EndProject
Project("{8BC9CEB8-8B4A-11D0-8D11-00A0C91BC942}") = "HelloWorld", "HelloWorld\HelloWorld.vcxproj", "{3E8DFEE1-2BB3-4AB1-B35D-5CA3D0CF290B}"
EndProject
Project("{2150E333-8FDC-42A3-9474-1A3956D46DE8}") = "SolutionItems", "SolutionItems", "{2CD52969-8747-49BC-9D31-D2B6C16B93BF}"
	ProjectSection(SolutionItems) = preProject
		Notes.txt = Notes.txt
		Questions.txt = Questions.txt
	EndProjectSection
EndProject
Project("{8BC9CEB8-8B4A-11D0-8D11-00A0C91BC942}") = "Geometry", "Geometry\Geometry.vcxproj", "{3F635004-733A-44A4-B296-3E32C619B3D4}"
EndProject
Project("{2150E333-8FDC-42A3-9474-1A3956D46DE8}") = "UnitTests", "UnitTests", "{89F8F2E5-2601-433A-AF16-69694A928F86}"
EndProject
Project("{8BC9CEB8-8B4A-11D0-8D11-00A0C91BC942}") = "MathTest", "MathTest\MathTest.vcxproj", "{5DEDB1A9-1B14-4689-BBC2-49AEF9E75300}"
EndProject
Project("{8BC9CEB8-8B4A-11D0-8D11-00A0C91BC942}") = "01_HelloWindow", "01_HelloWindow\01_HelloWindow.vcxproj", "{7DA56B3E-6C64-44D8-A9DF-68059AFE699F}"
EndProject
Project("{8BC9CEB8-8B4A-11D0-8D11-00A0C91BC942}") = "Graphics", "Graphics\Graphics.vcxproj", "{B813FA46-087C-46B8-86FD-527CD0B55F09}"
EndProject
Project("{8BC9CEB8-8B4A-11D0-8D11-00A0C91BC942}") = "02_HelloD3D", "02_HelloD3D\02_HelloD3D.vcxproj", "{604D3678-7983-48FA-9A3B-51823EDF2043}"
EndProject
Project("{8BC9CEB8-8B4A-11D0-8D11-00A0C91BC942}") = "Input", "Input\Input.vcxproj", "{422B1DF4-F1A4-4C64-BCDB-3F1BAAAAA768}"
EndProject
Project("{8BC9CEB8-8B4A-11D0-8D11-00A0C91BC942}") = "03_HelloCube", "03_HelloCube\03_HelloCube.vcxproj", "{0D562F93-FA87-48E5-B0F5-7F96C9F74DD1}"
EndProject
Project("{8BC9CEB8-8B4A-11D0-8D11-00A0C91BC942}") = "04_HelloCamera", "04_HelloCamera\04_HelloCamera.vcxproj", "{DCD19C77-9559-4A96-A1DB-3226ECF0D69C}"
EndProject
Project("{2150E333-8FDC-42A3-9474-1A3956D46DE8}") = "External", "External", "{C546B6C0-9B02-47DA-8806-54C6210EE2F7}"
EndProject
Project("{8BC9CEB8-8B4A-11D0-8D11-00A0C91BC942}") = "DirectXTK_Desktop_2017", "External\DirectXTK\DirectXTK_Desktop_2017.vcxproj", "{E0B52AE7-E160-4D32-BF3F-910B785E5A8E}"
EndProject
Project("{8BC9CEB8-8B4A-11D0-8D11-00A0C91BC942}") = "05_HelloTexture", "05_HelloTexture\05_HelloTexture.vcxproj", "{16F8B16F-BA0E-4B52-81D2-BE21F36426C2}"
EndProject
Project("{2150E333-8FDC-42A3-9474-1A3956D46DE8}") = "Engine", "Engine", "{FACF6A84-1014-43BB-AEAE-F26CD2EDF60A}"
EndProject
Project("{8BC9CEB8-8B4A-11D0-8D11-00A0C91BC942}") = "GameEngine", "GameEngine\GameEngine.vcxproj", "{4334D276-0997-42ED-BE95-5BA151A05F31}"
EndProject
Project("{8BC9CEB8-8B4A-11D0-8D11-00A0C91BC942}") = "06_HelloLight", "06_HelloLight\06_HelloLight.vcxproj", "{DE4413EE-D241-4418-B56E-982935E64502}"
EndProject
Project("{8BC9CEB8-8B4A-11D0-8D11-00A0C91BC942}") = "07_HelloLightingPhongShader", "07_HelloLightingPhongShader\07_HelloLightingPhongShader.vcxproj", "{754E3169-94C2-4FDD-9791-EB1F5985FAF7}"
EndProject
Project("{2150E333-8FDC-42A3-9474-1A3956D46DE8}") = "Shaders", "Shaders", "{831A2D7D-15C2-4657-84EF-8E01B9E5BE5F}"
	ProjectSection(SolutionItems) = preProject
		Assets\Shaders\BoneShading.fx = Assets\Shaders\BoneShading.fx
		Assets\Shaders\CubeToSphere.fx = Assets\Shaders\CubeToSphere.fx
		Assets\Shaders\Cylinder.fx = Assets\Shaders\Cylinder.fx
		Assets\Shaders\DepthMap.fx = Assets\Shaders\DepthMap.fx
		Assets\Shaders\DoNothing.fx = Assets\Shaders\DoNothing.fx
		Assets\Shaders\DoSomething.fx = Assets\Shaders\DoSomething.fx
		Assets\Shaders\DoTransform.fx = Assets\Shaders\DoTransform.fx
		Assets\Shaders\Phong_Lighting.fx = Assets\Shaders\Phong_Lighting.fx
		Assets\Shaders\Phong_LightingColor.fx = Assets\Shaders\Phong_LightingColor.fx
		Assets\Shaders\Phong_Shading.fx = Assets\Shaders\Phong_Shading.fx
		Assets\Shaders\Phong_ShadingColorDirectional.fx = Assets\Shaders\Phong_ShadingColorDirectional.fx
		Assets\Shaders\Phong_ShadingColorPoint.fx = Assets\Shaders\Phong_ShadingColorPoint.fx
		Assets\Shaders\PostProcessing.fx = Assets\Shaders\PostProcessing.fx
		Assets\Shaders\ProjectorWithShadow.fx = Assets\Shaders\ProjectorWithShadow.fx
		Assets\Shaders\PS_Terrain.fx = Assets\Shaders\PS_Terrain.fx
		Assets\Shaders\ShadowMapping.fx = Assets\Shaders\ShadowMapping.fx
		Assets\Shaders\SkyBox.fx = Assets\Shaders\SkyBox.fx
		Assets\Shaders\SphereReflection.fx = Assets\Shaders\SphereReflection.fx
		Assets\Shaders\Tank.fx = Assets\Shaders\Tank.fx
		Assets\Shaders\Terrain_Projection.fx = Assets\Shaders\Terrain_Projection.fx
		Assets\Shaders\TextureMapping.fx = Assets\Shaders\TextureMapping.fx
		Assets\Shaders\TextureMapping_NightCloud.fx = Assets\Shaders\TextureMapping_NightCloud.fx
		Assets\Shaders\Texturing.fx = Assets\Shaders\Texturing.fx
	EndProjectSection
EndProject
Project("{8BC9CEB8-8B4A-11D0-8D11-00A0C91BC942}") = "ImGui", "External\ImGui\ImGui.vcxproj", "{6947081A-AD6B-49C5-B35B-4313E3DE706E}"
EndProject
Project("{8BC9CEB8-8B4A-11D0-8D11-00A0C91BC942}") = "07_HelloPointLight", "07_HelloPointLight\07_HelloPointLight.vcxproj", "{654F6752-2D19-4217-96B3-F773E625E99F}"
EndProject
Project("{8BC9CEB8-8B4A-11D0-8D11-00A0C91BC942}") = "08_HelloTextureMap", "08_HelloTextureMap\08_HelloTextureMap.vcxproj", "{F390AF0B-AE8E-46DA-BB6A-1A4BD95F2CC2}"
EndProject
Project("{2150E333-8FDC-42A3-9474-1A3956D46DE8}") = "App", "App", "{D17BD35A-3841-405D-9022-7A42C322B869}"
EndProject
Project("{8BC9CEB8-8B4A-11D0-8D11-00A0C91BC942}") = "RTSGame", "RTSGame\RTSGame.vcxproj", "{BD110F4D-AF6D-4393-ABCD-4DBAA76A3772}"
EndProject
Project("{8BC9CEB8-8B4A-11D0-8D11-00A0C91BC942}") = "TinyXML", "External\TinyXML\TinyXML.vcxproj", "{F0CFFF50-94C6-418B-9109-8C0EE4C87270}"
EndProject
Project("{8BC9CEB8-8B4A-11D0-8D11-00A0C91BC942}") = "08_HelloTextureMapNC", "08_HelloTextureMapNC\08_HelloTextureMapNC.vcxproj", "{6DDA5A00-B7FF-4B46-9032-5D57F3ACCD83}"
EndProject
Project("{8BC9CEB8-8B4A-11D0-8D11-00A0C91BC942}") = "09_HelloPostProcessing", "09_HelloPostProcessing\09_HelloPostProcessing.vcxproj", "{59890903-5CF2-4AB3-982C-9D92E4828441}"
EndProject
Project("{8BC9CEB8-8B4A-11D0-8D11-00A0C91BC942}") = "10_HelloShadowMapping", "10_HelloShadowMapping\10_HelloShadowMapping.vcxproj", "{CE51CE47-42E4-47D9-B002-72481053DE7B}"
EndProject
Project("{8BC9CEB8-8B4A-11D0-8D11-00A0C91BC942}") = "11_HelloMirror", "11_HelloMirror\11_HelloMirror.vcxproj", "{EA65FDF6-AF1A-46F3-9D2B-9A2D1E9B544D}"
EndProject
Project("{2150E333-8FDC-42A3-9474-1A3956D46DE8}") = "VGP334", "VGP334", "{F1086130-D47B-47A1-907F-E74428EE2340}"
EndProject
Project("{8BC9CEB8-8B4A-11D0-8D11-00A0C91BC942}") = "01_HelloQuarternion", "01_HelloQuarternion\01_HelloQuarternion.vcxproj", "{041F1EC1-512F-474C-9B33-579F92A8CEDF}"
EndProject
Project("{2150E333-8FDC-42A3-9474-1A3956D46DE8}") = "Tools", "Tools", "{A211B5C7-2BB5-4BE6-9D1F-E6F6D44C2555}"
EndProject
Project("{8BC9CEB8-8B4A-11D0-8D11-00A0C91BC942}") = "ModelImporter", "ModelImporter\ModelImporter.vcxproj", "{D126D36D-73D4-44B9-A1B3-8EF0DBE12A05}"
EndProject
Project("{8BC9CEB8-8B4A-11D0-8D11-00A0C91BC942}") = "02_HelloAnimation", "02_HelloAnimation\02_HelloAnimation.vcxproj", "{D52012A3-EF9F-407E-AAEE-52A3D1A0FE42}"
EndProject
Project("{8BC9CEB8-8B4A-11D0-8D11-00A0C91BC942}") = "14_HelloRobotArm", "14_HelloRobotArm\14_HelloRobotArm.vcxproj", "{DB89AD03-CDCA-452D-8852-02AF25B0C10C}"
EndProject
Project("{8BC9CEB8-8B4A-11D0-8D11-00A0C91BC942}") = "AI", "AI\AI.vcxproj", "{72576F9E-1F5F-4F9D-BECC-27595F0BA151}"
EndProject
Project("{8BC9CEB8-8B4A-11D0-8D11-00A0C91BC942}") = "15_HelloSkeleton", "15_HelloSkeleton\15_HelloSkeleton.vcxproj", "{59AF2AAD-6022-47CA-9C5F-187AA74B4C55}"
EndProject
Project("{8BC9CEB8-8B4A-11D0-8D11-00A0C91BC942}") = "Physics", "Physics\Physics.vcxproj", "{4ACB6574-1D89-4252-ACC5-92FA45614843}"
EndProject
Project("{8BC9CEB8-8B4A-11D0-8D11-00A0C91BC942}") = "16_HelloPhysics", "16_HelloPhysics\16_HelloPhysics.vcxproj", "{41EC0659-5F08-463E-B406-9B130560E986}"
EndProject
Project("{8BC9CEB8-8B4A-11D0-8D11-00A0C91BC942}") = "RayTracing", "RayTracing\RayTracing.vcxproj", "{56B11C01-8EE1-4B2D-9C75-B713CD0F121B}"
EndProject
Project("{8BC9CEB8-8B4A-11D0-8D11-00A0C91BC942}") = "Network", "Network\Network.vcxproj", "{D09D5FC8-DC61-44D7-B6CF-F5BFACECB98E}"
EndProject
Project("{8BC9CEB8-8B4A-11D0-8D11-00A0C91BC942}") = "2DMarble", "2DMarble\2DMarble.vcxproj", "{01C749EB-FE65-4607-B91A-4D20FC245B53}"
EndProject
Project("{8BC9CEB8-8B4A-11D0-8D11-00A0C91BC942}") = "2DMarbleServer", "2DMarbleServer\2DMarbleServer.vcxproj", "{E41CA83F-F342-45F4-9EB2-F2F6365A185D}"
EndProject
Project("{2150E333-8FDC-42A3-9474-1A3956D46DE8}") = "Marble", "Marble", "{FD695DE1-DB02-4739-A1B1-4151DA0E706E}"
EndProject
Project("{8BC9CEB8-8B4A-11D0-8D11-00A0C91BC942}") = "Slayer", "Slayer\Slayer.vcxproj", "{811BE697-FA6E-4188-92A9-3E17A01B24BD}"
EndProject
Project("{8BC9CEB8-8B4A-11D0-8D11-00A0C91BC942}") = "StaticRayTracing", "StaticRayTracing\StaticRayTracing.vcxproj", "{45F7DF26-3343-4C00-9BEA-5F2C930308FD}"
EndProject
Project("{8BC9CEB8-8B4A-11D0-8D11-00A0C91BC942}") = "GATravellingSalesman", "GATravellingSalesman\GATravellingSalesman.vcxproj", "{A3253F5D-D69D-46E1-84C3-1DDBF1F0EB18}"
EndProject
Project("{8BC9CEB8-8B4A-11D0-8D11-00A0C91BC942}") = "DriverSimulator", "DriverSimulator\DriverSimulator.vcxproj", "{FE7C1E05-0AD0-4CDA-ABD0-A592A7C859F8}"
EndProject
Project("{8BC9CEB8-8B4A-11D0-8D11-00A0C91BC942}") = "MapEditor", "MapEditor\MapEditor.vcxproj", "{F65BE78E-B61E-4032-8523-DCBC67FE7BAB}"
EndProject
Project("{8BC9CEB8-8B4A-11D0-8D11-00A0C91BC942}") = "EngineCodeTest", "EngineCodeTest\EngineCodeTest.vcxproj", "{69C9C75E-C7DB-4046-B8FF-76EC17704F5B}"
EndProject
Global
	GlobalSection(SolutionConfigurationPlatforms) = preSolution
		Debug|x64 = Debug|x64
		Debug|x86 = Debug|x86
		Release|x64 = Release|x64
		Release|x86 = Release|x86
	EndGlobalSection
	GlobalSection(ProjectConfigurationPlatforms) = postSolution
		{FDA1346B-4FFF-4535-A5D5-7D9208CB264C}.Debug|x64.ActiveCfg = Debug|x64
		{FDA1346B-4FFF-4535-A5D5-7D9208CB264C}.Debug|x64.Build.0 = Debug|x64
		{FDA1346B-4FFF-4535-A5D5-7D9208CB264C}.Debug|x86.ActiveCfg = Debug|Win32
		{FDA1346B-4FFF-4535-A5D5-7D9208CB264C}.Debug|x86.Build.0 = Debug|Win32
		{FDA1346B-4FFF-4535-A5D5-7D9208CB264C}.Release|x64.ActiveCfg = Release|x64
		{FDA1346B-4FFF-4535-A5D5-7D9208CB264C}.Release|x64.Build.0 = Release|x64
		{FDA1346B-4FFF-4535-A5D5-7D9208CB264C}.Release|x86.ActiveCfg = Release|Win32
		{FDA1346B-4FFF-4535-A5D5-7D9208CB264C}.Release|x86.Build.0 = Release|Win32
		{4253116A-8C36-4426-BBC1-68190AFBEDF1}.Debug|x64.ActiveCfg = Debug|x64
		{4253116A-8C36-4426-BBC1-68190AFBEDF1}.Debug|x64.Build.0 = Debug|x64
		{4253116A-8C36-4426-BBC1-68190AFBEDF1}.Debug|x86.ActiveCfg = Debug|Win32
		{4253116A-8C36-4426-BBC1-68190AFBEDF1}.Debug|x86.Build.0 = Debug|Win32
		{4253116A-8C36-4426-BBC1-68190AFBEDF1}.Release|x64.ActiveCfg = Release|x64
		{4253116A-8C36-4426-BBC1-68190AFBEDF1}.Release|x64.Build.0 = Release|x64
		{4253116A-8C36-4426-BBC1-68190AFBEDF1}.Release|x86.ActiveCfg = Release|Win32
		{4253116A-8C36-4426-BBC1-68190AFBEDF1}.Release|x86.Build.0 = Release|Win32
		{3E8DFEE1-2BB3-4AB1-B35D-5CA3D0CF290B}.Debug|x64.ActiveCfg = Debug|x64
		{3E8DFEE1-2BB3-4AB1-B35D-5CA3D0CF290B}.Debug|x64.Build.0 = Debug|x64
		{3E8DFEE1-2BB3-4AB1-B35D-5CA3D0CF290B}.Debug|x86.ActiveCfg = Debug|Win32
		{3E8DFEE1-2BB3-4AB1-B35D-5CA3D0CF290B}.Debug|x86.Build.0 = Debug|Win32
		{3E8DFEE1-2BB3-4AB1-B35D-5CA3D0CF290B}.Release|x64.ActiveCfg = Release|x64
		{3E8DFEE1-2BB3-4AB1-B35D-5CA3D0CF290B}.Release|x64.Build.0 = Release|x64
		{3E8DFEE1-2BB3-4AB1-B35D-5CA3D0CF290B}.Release|x86.ActiveCfg = Release|Win32
		{3E8DFEE1-2BB3-4AB1-B35D-5CA3D0CF290B}.Release|x86.Build.0 = Release|Win32
		{3F635004-733A-44A4-B296-3E32C619B3D4}.Debug|x64.ActiveCfg = Debug|x64
		{3F635004-733A-44A4-B296-3E32C619B3D4}.Debug|x64.Build.0 = Debug|x64
		{3F635004-733A-44A4-B296-3E32C619B3D4}.Debug|x86.ActiveCfg = Debug|Win32
		{3F635004-733A-44A4-B296-3E32C619B3D4}.Debug|x86.Build.0 = Debug|Win32
		{3F635004-733A-44A4-B296-3E32C619B3D4}.Release|x64.ActiveCfg = Release|x64
		{3F635004-733A-44A4-B296-3E32C619B3D4}.Release|x64.Build.0 = Release|x64
		{3F635004-733A-44A4-B296-3E32C619B3D4}.Release|x86.ActiveCfg = Release|Win32
		{3F635004-733A-44A4-B296-3E32C619B3D4}.Release|x86.Build.0 = Release|Win32
		{5DEDB1A9-1B14-4689-BBC2-49AEF9E75300}.Debug|x64.ActiveCfg = Debug|x64
		{5DEDB1A9-1B14-4689-BBC2-49AEF9E75300}.Debug|x64.Build.0 = Debug|x64
		{5DEDB1A9-1B14-4689-BBC2-49AEF9E75300}.Debug|x86.ActiveCfg = Debug|Win32
		{5DEDB1A9-1B14-4689-BBC2-49AEF9E75300}.Debug|x86.Build.0 = Debug|Win32
		{5DEDB1A9-1B14-4689-BBC2-49AEF9E75300}.Release|x64.ActiveCfg = Release|x64
		{5DEDB1A9-1B14-4689-BBC2-49AEF9E75300}.Release|x64.Build.0 = Release|x64
		{5DEDB1A9-1B14-4689-BBC2-49AEF9E75300}.Release|x86.ActiveCfg = Release|Win32
		{5DEDB1A9-1B14-4689-BBC2-49AEF9E75300}.Release|x86.Build.0 = Release|Win32
		{7DA56B3E-6C64-44D8-A9DF-68059AFE699F}.Debug|x64.ActiveCfg = Debug|x64
		{7DA56B3E-6C64-44D8-A9DF-68059AFE699F}.Debug|x64.Build.0 = Debug|x64
		{7DA56B3E-6C64-44D8-A9DF-68059AFE699F}.Debug|x86.ActiveCfg = Debug|Win32
		{7DA56B3E-6C64-44D8-A9DF-68059AFE699F}.Debug|x86.Build.0 = Debug|Win32
		{7DA56B3E-6C64-44D8-A9DF-68059AFE699F}.Release|x64.ActiveCfg = Release|x64
		{7DA56B3E-6C64-44D8-A9DF-68059AFE699F}.Release|x64.Build.0 = Release|x64
		{7DA56B3E-6C64-44D8-A9DF-68059AFE699F}.Release|x86.ActiveCfg = Release|Win32
		{7DA56B3E-6C64-44D8-A9DF-68059AFE699F}.Release|x86.Build.0 = Release|Win32
		{B813FA46-087C-46B8-86FD-527CD0B55F09}.Debug|x64.ActiveCfg = Debug|x64
		{B813FA46-087C-46B8-86FD-527CD0B55F09}.Debug|x64.Build.0 = Debug|x64
		{B813FA46-087C-46B8-86FD-527CD0B55F09}.Debug|x86.ActiveCfg = Debug|Win32
		{B813FA46-087C-46B8-86FD-527CD0B55F09}.Debug|x86.Build.0 = Debug|Win32
		{B813FA46-087C-46B8-86FD-527CD0B55F09}.Release|x64.ActiveCfg = Release|x64
		{B813FA46-087C-46B8-86FD-527CD0B55F09}.Release|x64.Build.0 = Release|x64
		{B813FA46-087C-46B8-86FD-527CD0B55F09}.Release|x86.ActiveCfg = Release|Win32
		{B813FA46-087C-46B8-86FD-527CD0B55F09}.Release|x86.Build.0 = Release|Win32
		{604D3678-7983-48FA-9A3B-51823EDF2043}.Debug|x64.ActiveCfg = Debug|x64
		{604D3678-7983-48FA-9A3B-51823EDF2043}.Debug|x64.Build.0 = Debug|x64
		{604D3678-7983-48FA-9A3B-51823EDF2043}.Debug|x86.ActiveCfg = Debug|Win32
		{604D3678-7983-48FA-9A3B-51823EDF2043}.Debug|x86.Build.0 = Debug|Win32
		{604D3678-7983-48FA-9A3B-51823EDF2043}.Release|x64.ActiveCfg = Release|x64
		{604D3678-7983-48FA-9A3B-51823EDF2043}.Release|x64.Build.0 = Release|x64
		{604D3678-7983-48FA-9A3B-51823EDF2043}.Release|x86.ActiveCfg = Release|Win32
		{604D3678-7983-48FA-9A3B-51823EDF2043}.Release|x86.Build.0 = Release|Win32
		{422B1DF4-F1A4-4C64-BCDB-3F1BAAAAA768}.Debug|x64.ActiveCfg = Debug|x64
		{422B1DF4-F1A4-4C64-BCDB-3F1BAAAAA768}.Debug|x64.Build.0 = Debug|x64
		{422B1DF4-F1A4-4C64-BCDB-3F1BAAAAA768}.Debug|x86.ActiveCfg = Debug|Win32
		{422B1DF4-F1A4-4C64-BCDB-3F1BAAAAA768}.Debug|x86.Build.0 = Debug|Win32
		{422B1DF4-F1A4-4C64-BCDB-3F1BAAAAA768}.Release|x64.ActiveCfg = Release|x64
		{422B1DF4-F1A4-4C64-BCDB-3F1BAAAAA768}.Release|x64.Build.0 = Release|x64
		{422B1DF4-F1A4-4C64-BCDB-3F1BAAAAA768}.Release|x86.ActiveCfg = Release|Win32
		{422B1DF4-F1A4-4C64-BCDB-3F1BAAAAA768}.Release|x86.Build.0 = Release|Win32
		{0D562F93-FA87-48E5-B0F5-7F96C9F74DD1}.Debug|x64.ActiveCfg = Debug|x64
		{0D562F93-FA87-48E5-B0F5-7F96C9F74DD1}.Debug|x64.Build.0 = Debug|x64
		{0D562F93-FA87-48E5-B0F5-7F96C9F74DD1}.Debug|x86.ActiveCfg = Debug|Win32
		{0D562F93-FA87-48E5-B0F5-7F96C9F74DD1}.Debug|x86.Build.0 = Debug|Win32
		{0D562F93-FA87-48E5-B0F5-7F96C9F74DD1}.Release|x64.ActiveCfg = Release|x64
		{0D562F93-FA87-48E5-B0F5-7F96C9F74DD1}.Release|x64.Build.0 = Release|x64
		{0D562F93-FA87-48E5-B0F5-7F96C9F74DD1}.Release|x86.ActiveCfg = Release|Win32
		{0D562F93-FA87-48E5-B0F5-7F96C9F74DD1}.Release|x86.Build.0 = Release|Win32
		{DCD19C77-9559-4A96-A1DB-3226ECF0D69C}.Debug|x64.ActiveCfg = Debug|x64
		{DCD19C77-9559-4A96-A1DB-3226ECF0D69C}.Debug|x64.Build.0 = Debug|x64
		{DCD19C77-9559-4A96-A1DB-3226ECF0D69C}.Debug|x86.ActiveCfg = Debug|Win32
		{DCD19C77-9559-4A96-A1DB-3226ECF0D69C}.Debug|x86.Build.0 = Debug|Win32
		{DCD19C77-9559-4A96-A1DB-3226ECF0D69C}.Release|x64.ActiveCfg = Release|x64
		{DCD19C77-9559-4A96-A1DB-3226ECF0D69C}.Release|x64.Build.0 = Release|x64
		{DCD19C77-9559-4A96-A1DB-3226ECF0D69C}.Release|x86.ActiveCfg = Release|Win32
		{DCD19C77-9559-4A96-A1DB-3226ECF0D69C}.Release|x86.Build.0 = Release|Win32
		{E0B52AE7-E160-4D32-BF3F-910B785E5A8E}.Debug|x64.ActiveCfg = Debug|x64
		{E0B52AE7-E160-4D32-BF3F-910B785E5A8E}.Debug|x64.Build.0 = Debug|x64
		{E0B52AE7-E160-4D32-BF3F-910B785E5A8E}.Debug|x86.ActiveCfg = Debug|Win32
		{E0B52AE7-E160-4D32-BF3F-910B785E5A8E}.Debug|x86.Build.0 = Debug|Win32
		{E0B52AE7-E160-4D32-BF3F-910B785E5A8E}.Release|x64.ActiveCfg = Release|x64
		{E0B52AE7-E160-4D32-BF3F-910B785E5A8E}.Release|x64.Build.0 = Release|x64
		{E0B52AE7-E160-4D32-BF3F-910B785E5A8E}.Release|x86.ActiveCfg = Release|Win32
		{E0B52AE7-E160-4D32-BF3F-910B785E5A8E}.Release|x86.Build.0 = Release|Win32
		{16F8B16F-BA0E-4B52-81D2-BE21F36426C2}.Debug|x64.ActiveCfg = Debug|x64
		{16F8B16F-BA0E-4B52-81D2-BE21F36426C2}.Debug|x64.Build.0 = Debug|x64
		{16F8B16F-BA0E-4B52-81D2-BE21F36426C2}.Debug|x86.ActiveCfg = Debug|Win32
		{16F8B16F-BA0E-4B52-81D2-BE21F36426C2}.Debug|x86.Build.0 = Debug|Win32
		{16F8B16F-BA0E-4B52-81D2-BE21F36426C2}.Release|x64.ActiveCfg = Release|x64
		{16F8B16F-BA0E-4B52-81D2-BE21F36426C2}.Release|x64.Build.0 = Release|x64
		{16F8B16F-BA0E-4B52-81D2-BE21F36426C2}.Release|x86.ActiveCfg = Release|Win32
		{16F8B16F-BA0E-4B52-81D2-BE21F36426C2}.Release|x86.Build.0 = Release|Win32
		{4334D276-0997-42ED-BE95-5BA151A05F31}.Debug|x64.ActiveCfg = Debug|x64
		{4334D276-0997-42ED-BE95-5BA151A05F31}.Debug|x64.Build.0 = Debug|x64
		{4334D276-0997-42ED-BE95-5BA151A05F31}.Debug|x86.ActiveCfg = Debug|Win32
		{4334D276-0997-42ED-BE95-5BA151A05F31}.Debug|x86.Build.0 = Debug|Win32
		{4334D276-0997-42ED-BE95-5BA151A05F31}.Release|x64.ActiveCfg = Release|x64
		{4334D276-0997-42ED-BE95-5BA151A05F31}.Release|x64.Build.0 = Release|x64
		{4334D276-0997-42ED-BE95-5BA151A05F31}.Release|x86.ActiveCfg = Release|Win32
		{4334D276-0997-42ED-BE95-5BA151A05F31}.Release|x86.Build.0 = Release|Win32
		{DE4413EE-D241-4418-B56E-982935E64502}.Debug|x64.ActiveCfg = Debug|x64
		{DE4413EE-D241-4418-B56E-982935E64502}.Debug|x64.Build.0 = Debug|x64
		{DE4413EE-D241-4418-B56E-982935E64502}.Debug|x86.ActiveCfg = Debug|Win32
		{DE4413EE-D241-4418-B56E-982935E64502}.Debug|x86.Build.0 = Debug|Win32
		{DE4413EE-D241-4418-B56E-982935E64502}.Release|x64.ActiveCfg = Release|x64
		{DE4413EE-D241-4418-B56E-982935E64502}.Release|x64.Build.0 = Release|x64
		{DE4413EE-D241-4418-B56E-982935E64502}.Release|x86.ActiveCfg = Release|Win32
		{DE4413EE-D241-4418-B56E-982935E64502}.Release|x86.Build.0 = Release|Win32
		{754E3169-94C2-4FDD-9791-EB1F5985FAF7}.Debug|x64.ActiveCfg = Debug|x64
		{754E3169-94C2-4FDD-9791-EB1F5985FAF7}.Debug|x64.Build.0 = Debug|x64
		{754E3169-94C2-4FDD-9791-EB1F5985FAF7}.Debug|x86.ActiveCfg = Debug|Win32
		{754E3169-94C2-4FDD-9791-EB1F5985FAF7}.Debug|x86.Build.0 = Debug|Win32
		{754E3169-94C2-4FDD-9791-EB1F5985FAF7}.Release|x64.ActiveCfg = Release|x64
		{754E3169-94C2-4FDD-9791-EB1F5985FAF7}.Release|x64.Build.0 = Release|x64
		{754E3169-94C2-4FDD-9791-EB1F5985FAF7}.Release|x86.ActiveCfg = Release|Win32
		{754E3169-94C2-4FDD-9791-EB1F5985FAF7}.Release|x86.Build.0 = Release|Win32
		{6947081A-AD6B-49C5-B35B-4313E3DE706E}.Debug|x64.ActiveCfg = Debug|x64
		{6947081A-AD6B-49C5-B35B-4313E3DE706E}.Debug|x64.Build.0 = Debug|x64
		{6947081A-AD6B-49C5-B35B-4313E3DE706E}.Debug|x86.ActiveCfg = Debug|Win32
		{6947081A-AD6B-49C5-B35B-4313E3DE706E}.Debug|x86.Build.0 = Debug|Win32
		{6947081A-AD6B-49C5-B35B-4313E3DE706E}.Release|x64.ActiveCfg = Release|x64
		{6947081A-AD6B-49C5-B35B-4313E3DE706E}.Release|x64.Build.0 = Release|x64
		{6947081A-AD6B-49C5-B35B-4313E3DE706E}.Release|x86.ActiveCfg = Release|Win32
		{6947081A-AD6B-49C5-B35B-4313E3DE706E}.Release|x86.Build.0 = Release|Win32
		{654F6752-2D19-4217-96B3-F773E625E99F}.Debug|x64.ActiveCfg = Debug|x64
		{654F6752-2D19-4217-96B3-F773E625E99F}.Debug|x64.Build.0 = Debug|x64
		{654F6752-2D19-4217-96B3-F773E625E99F}.Debug|x86.ActiveCfg = Debug|Win32
		{654F6752-2D19-4217-96B3-F773E625E99F}.Debug|x86.Build.0 = Debug|Win32
		{654F6752-2D19-4217-96B3-F773E625E99F}.Release|x64.ActiveCfg = Release|x64
		{654F6752-2D19-4217-96B3-F773E625E99F}.Release|x64.Build.0 = Release|x64
		{654F6752-2D19-4217-96B3-F773E625E99F}.Release|x86.ActiveCfg = Release|Win32
		{654F6752-2D19-4217-96B3-F773E625E99F}.Release|x86.Build.0 = Release|Win32
		{F390AF0B-AE8E-46DA-BB6A-1A4BD95F2CC2}.Debug|x64.ActiveCfg = Debug|x64
		{F390AF0B-AE8E-46DA-BB6A-1A4BD95F2CC2}.Debug|x64.Build.0 = Debug|x64
		{F390AF0B-AE8E-46DA-BB6A-1A4BD95F2CC2}.Debug|x86.ActiveCfg = Debug|Win32
		{F390AF0B-AE8E-46DA-BB6A-1A4BD95F2CC2}.Debug|x86.Build.0 = Debug|Win32
		{F390AF0B-AE8E-46DA-BB6A-1A4BD95F2CC2}.Release|x64.ActiveCfg = Release|x64
		{F390AF0B-AE8E-46DA-BB6A-1A4BD95F2CC2}.Release|x64.Build.0 = Release|x64
		{F390AF0B-AE8E-46DA-BB6A-1A4BD95F2CC2}.Release|x86.ActiveCfg = Release|Win32
		{F390AF0B-AE8E-46DA-BB6A-1A4BD95F2CC2}.Release|x86.Build.0 = Release|Win32
		{BD110F4D-AF6D-4393-ABCD-4DBAA76A3772}.Debug|x64.ActiveCfg = Debug|x64
		{BD110F4D-AF6D-4393-ABCD-4DBAA76A3772}.Debug|x64.Build.0 = Debug|x64
		{BD110F4D-AF6D-4393-ABCD-4DBAA76A3772}.Debug|x86.ActiveCfg = Debug|Win32
		{BD110F4D-AF6D-4393-ABCD-4DBAA76A3772}.Debug|x86.Build.0 = Debug|Win32
		{BD110F4D-AF6D-4393-ABCD-4DBAA76A3772}.Release|x64.ActiveCfg = Release|x64
		{BD110F4D-AF6D-4393-ABCD-4DBAA76A3772}.Release|x64.Build.0 = Release|x64
		{BD110F4D-AF6D-4393-ABCD-4DBAA76A3772}.Release|x86.ActiveCfg = Release|Win32
		{BD110F4D-AF6D-4393-ABCD-4DBAA76A3772}.Release|x86.Build.0 = Release|Win32
		{F0CFFF50-94C6-418B-9109-8C0EE4C87270}.Debug|x64.ActiveCfg = Debug|Win32
		{F0CFFF50-94C6-418B-9109-8C0EE4C87270}.Debug|x86.ActiveCfg = Debug|Win32
		{F0CFFF50-94C6-418B-9109-8C0EE4C87270}.Debug|x86.Build.0 = Debug|Win32
		{F0CFFF50-94C6-418B-9109-8C0EE4C87270}.Release|x64.ActiveCfg = Release|Win32
		{F0CFFF50-94C6-418B-9109-8C0EE4C87270}.Release|x86.ActiveCfg = Release|Win32
		{F0CFFF50-94C6-418B-9109-8C0EE4C87270}.Release|x86.Build.0 = Release|Win32
		{6DDA5A00-B7FF-4B46-9032-5D57F3ACCD83}.Debug|x64.ActiveCfg = Debug|x64
		{6DDA5A00-B7FF-4B46-9032-5D57F3ACCD83}.Debug|x64.Build.0 = Debug|x64
		{6DDA5A00-B7FF-4B46-9032-5D57F3ACCD83}.Debug|x86.ActiveCfg = Debug|Win32
		{6DDA5A00-B7FF-4B46-9032-5D57F3ACCD83}.Debug|x86.Build.0 = Debug|Win32
		{6DDA5A00-B7FF-4B46-9032-5D57F3ACCD83}.Release|x64.ActiveCfg = Release|x64
		{6DDA5A00-B7FF-4B46-9032-5D57F3ACCD83}.Release|x64.Build.0 = Release|x64
		{6DDA5A00-B7FF-4B46-9032-5D57F3ACCD83}.Release|x86.ActiveCfg = Release|Win32
		{6DDA5A00-B7FF-4B46-9032-5D57F3ACCD83}.Release|x86.Build.0 = Release|Win32
		{59890903-5CF2-4AB3-982C-9D92E4828441}.Debug|x64.ActiveCfg = Debug|x64
		{59890903-5CF2-4AB3-982C-9D92E4828441}.Debug|x64.Build.0 = Debug|x64
		{59890903-5CF2-4AB3-982C-9D92E4828441}.Debug|x86.ActiveCfg = Debug|Win32
		{59890903-5CF2-4AB3-982C-9D92E4828441}.Debug|x86.Build.0 = Debug|Win32
		{59890903-5CF2-4AB3-982C-9D92E4828441}.Release|x64.ActiveCfg = Release|x64
		{59890903-5CF2-4AB3-982C-9D92E4828441}.Release|x64.Build.0 = Release|x64
		{59890903-5CF2-4AB3-982C-9D92E4828441}.Release|x86.ActiveCfg = Release|Win32
		{59890903-5CF2-4AB3-982C-9D92E4828441}.Release|x86.Build.0 = Release|Win32
		{CE51CE47-42E4-47D9-B002-72481053DE7B}.Debug|x64.ActiveCfg = Debug|x64
		{CE51CE47-42E4-47D9-B002-72481053DE7B}.Debug|x64.Build.0 = Debug|x64
		{CE51CE47-42E4-47D9-B002-72481053DE7B}.Debug|x86.ActiveCfg = Debug|Win32
		{CE51CE47-42E4-47D9-B002-72481053DE7B}.Debug|x86.Build.0 = Debug|Win32
		{CE51CE47-42E4-47D9-B002-72481053DE7B}.Release|x64.ActiveCfg = Release|x64
		{CE51CE47-42E4-47D9-B002-72481053DE7B}.Release|x64.Build.0 = Release|x64
		{CE51CE47-42E4-47D9-B002-72481053DE7B}.Release|x86.ActiveCfg = Release|Win32
		{CE51CE47-42E4-47D9-B002-72481053DE7B}.Release|x86.Build.0 = Release|Win32
		{EA65FDF6-AF1A-46F3-9D2B-9A2D1E9B544D}.Debug|x64.ActiveCfg = Debug|x64
		{EA65FDF6-AF1A-46F3-9D2B-9A2D1E9B544D}.Debug|x64.Build.0 = Debug|x64
		{EA65FDF6-AF1A-46F3-9D2B-9A2D1E9B544D}.Debug|x86.ActiveCfg = Debug|Win32
		{EA65FDF6-AF1A-46F3-9D2B-9A2D1E9B544D}.Debug|x86.Build.0 = Debug|Win32
		{EA65FDF6-AF1A-46F3-9D2B-9A2D1E9B544D}.Release|x64.ActiveCfg = Release|x64
		{EA65FDF6-AF1A-46F3-9D2B-9A2D1E9B544D}.Release|x64.Build.0 = Release|x64
		{EA65FDF6-AF1A-46F3-9D2B-9A2D1E9B544D}.Release|x86.ActiveCfg = Release|Win32
		{EA65FDF6-AF1A-46F3-9D2B-9A2D1E9B544D}.Release|x86.Build.0 = Release|Win32
		{041F1EC1-512F-474C-9B33-579F92A8CEDF}.Debug|x64.ActiveCfg = Debug|x64
		{041F1EC1-512F-474C-9B33-579F92A8CEDF}.Debug|x64.Build.0 = Debug|x64
		{041F1EC1-512F-474C-9B33-579F92A8CEDF}.Debug|x86.ActiveCfg = Debug|Win32
		{041F1EC1-512F-474C-9B33-579F92A8CEDF}.Debug|x86.Build.0 = Debug|Win32
		{041F1EC1-512F-474C-9B33-579F92A8CEDF}.Release|x64.ActiveCfg = Release|x64
		{041F1EC1-512F-474C-9B33-579F92A8CEDF}.Release|x64.Build.0 = Release|x64
		{041F1EC1-512F-474C-9B33-579F92A8CEDF}.Release|x86.ActiveCfg = Release|Win32
		{041F1EC1-512F-474C-9B33-579F92A8CEDF}.Release|x86.Build.0 = Release|Win32
		{D126D36D-73D4-44B9-A1B3-8EF0DBE12A05}.Debug|x64.ActiveCfg = Debug|x64
		{D126D36D-73D4-44B9-A1B3-8EF0DBE12A05}.Debug|x64.Build.0 = Debug|x64
		{D126D36D-73D4-44B9-A1B3-8EF0DBE12A05}.Debug|x86.ActiveCfg = Debug|Win32
		{D126D36D-73D4-44B9-A1B3-8EF0DBE12A05}.Debug|x86.Build.0 = Debug|Win32
		{D126D36D-73D4-44B9-A1B3-8EF0DBE12A05}.Release|x64.ActiveCfg = Release|x64
		{D126D36D-73D4-44B9-A1B3-8EF0DBE12A05}.Release|x64.Build.0 = Release|x64
		{D126D36D-73D4-44B9-A1B3-8EF0DBE12A05}.Release|x86.ActiveCfg = Release|Win32
		{D126D36D-73D4-44B9-A1B3-8EF0DBE12A05}.Release|x86.Build.0 = Release|Win32
		{D52012A3-EF9F-407E-AAEE-52A3D1A0FE42}.Debug|x64.ActiveCfg = Debug|x64
		{D52012A3-EF9F-407E-AAEE-52A3D1A0FE42}.Debug|x64.Build.0 = Debug|x64
		{D52012A3-EF9F-407E-AAEE-52A3D1A0FE42}.Debug|x86.ActiveCfg = Debug|Win32
		{D52012A3-EF9F-407E-AAEE-52A3D1A0FE42}.Debug|x86.Build.0 = Debug|Win32
		{D52012A3-EF9F-407E-AAEE-52A3D1A0FE42}.Release|x64.ActiveCfg = Release|x64
		{D52012A3-EF9F-407E-AAEE-52A3D1A0FE42}.Release|x64.Build.0 = Release|x64
		{D52012A3-EF9F-407E-AAEE-52A3D1A0FE42}.Release|x86.ActiveCfg = Release|Win32
		{D52012A3-EF9F-407E-AAEE-52A3D1A0FE42}.Release|x86.Build.0 = Release|Win32
		{DB89AD03-CDCA-452D-8852-02AF25B0C10C}.Debug|x64.ActiveCfg = Debug|x64
		{DB89AD03-CDCA-452D-8852-02AF25B0C10C}.Debug|x64.Build.0 = Debug|x64
		{DB89AD03-CDCA-452D-8852-02AF25B0C10C}.Debug|x86.ActiveCfg = Debug|Win32
		{DB89AD03-CDCA-452D-8852-02AF25B0C10C}.Debug|x86.Build.0 = Debug|Win32
		{DB89AD03-CDCA-452D-8852-02AF25B0C10C}.Release|x64.ActiveCfg = Release|x64
		{DB89AD03-CDCA-452D-8852-02AF25B0C10C}.Release|x64.Build.0 = Release|x64
		{DB89AD03-CDCA-452D-8852-02AF25B0C10C}.Release|x86.ActiveCfg = Release|Win32
		{DB89AD03-CDCA-452D-8852-02AF25B0C10C}.Release|x86.Build.0 = Release|Win32
		{72576F9E-1F5F-4F9D-BECC-27595F0BA151}.Debug|x64.ActiveCfg = Debug|x64
		{72576F9E-1F5F-4F9D-BECC-27595F0BA151}.Debug|x64.Build.0 = Debug|x64
		{72576F9E-1F5F-4F9D-BECC-27595F0BA151}.Debug|x86.ActiveCfg = Debug|Win32
		{72576F9E-1F5F-4F9D-BECC-27595F0BA151}.Debug|x86.Build.0 = Debug|Win32
		{72576F9E-1F5F-4F9D-BECC-27595F0BA151}.Release|x64.ActiveCfg = Release|x64
		{72576F9E-1F5F-4F9D-BECC-27595F0BA151}.Release|x64.Build.0 = Release|x64
		{72576F9E-1F5F-4F9D-BECC-27595F0BA151}.Release|x86.ActiveCfg = Release|Win32
		{72576F9E-1F5F-4F9D-BECC-27595F0BA151}.Release|x86.Build.0 = Release|Win32
		{59AF2AAD-6022-47CA-9C5F-187AA74B4C55}.Debug|x64.ActiveCfg = Debug|x64
		{59AF2AAD-6022-47CA-9C5F-187AA74B4C55}.Debug|x64.Build.0 = Debug|x64
		{59AF2AAD-6022-47CA-9C5F-187AA74B4C55}.Debug|x86.ActiveCfg = Debug|Win32
		{59AF2AAD-6022-47CA-9C5F-187AA74B4C55}.Debug|x86.Build.0 = Debug|Win32
		{59AF2AAD-6022-47CA-9C5F-187AA74B4C55}.Release|x64.ActiveCfg = Release|x64
		{59AF2AAD-6022-47CA-9C5F-187AA74B4C55}.Release|x64.Build.0 = Release|x64
		{59AF2AAD-6022-47CA-9C5F-187AA74B4C55}.Release|x86.ActiveCfg = Release|Win32
		{59AF2AAD-6022-47CA-9C5F-187AA74B4C55}.Release|x86.Build.0 = Release|Win32
		{4ACB6574-1D89-4252-ACC5-92FA45614843}.Debug|x64.ActiveCfg = Debug|x64
		{4ACB6574-1D89-4252-ACC5-92FA45614843}.Debug|x64.Build.0 = Debug|x64
		{4ACB6574-1D89-4252-ACC5-92FA45614843}.Debug|x86.ActiveCfg = Debug|Win32
		{4ACB6574-1D89-4252-ACC5-92FA45614843}.Debug|x86.Build.0 = Debug|Win32
		{4ACB6574-1D89-4252-ACC5-92FA45614843}.Release|x64.ActiveCfg = Release|x64
		{4ACB6574-1D89-4252-ACC5-92FA45614843}.Release|x64.Build.0 = Release|x64
		{4ACB6574-1D89-4252-ACC5-92FA45614843}.Release|x86.ActiveCfg = Release|Win32
		{4ACB6574-1D89-4252-ACC5-92FA45614843}.Release|x86.Build.0 = Release|Win32
		{41EC0659-5F08-463E-B406-9B130560E986}.Debug|x64.ActiveCfg = Debug|x64
		{41EC0659-5F08-463E-B406-9B130560E986}.Debug|x64.Build.0 = Debug|x64
		{41EC0659-5F08-463E-B406-9B130560E986}.Debug|x86.ActiveCfg = Debug|Win32
		{41EC0659-5F08-463E-B406-9B130560E986}.Debug|x86.Build.0 = Debug|Win32
		{41EC0659-5F08-463E-B406-9B130560E986}.Release|x64.ActiveCfg = Release|x64
		{41EC0659-5F08-463E-B406-9B130560E986}.Release|x64.Build.0 = Release|x64
		{41EC0659-5F08-463E-B406-9B130560E986}.Release|x86.ActiveCfg = Release|Win32
		{41EC0659-5F08-463E-B406-9B130560E986}.Release|x86.Build.0 = Release|Win32
		{56B11C01-8EE1-4B2D-9C75-B713CD0F121B}.Debug|x64.ActiveCfg = Debug|x64
		{56B11C01-8EE1-4B2D-9C75-B713CD0F121B}.Debug|x64.Build.0 = Debug|x64
		{56B11C01-8EE1-4B2D-9C75-B713CD0F121B}.Debug|x86.ActiveCfg = Debug|Win32
		{56B11C01-8EE1-4B2D-9C75-B713CD0F121B}.Debug|x86.Build.0 = Debug|Win32
		{56B11C01-8EE1-4B2D-9C75-B713CD0F121B}.Release|x64.ActiveCfg = Release|x64
		{56B11C01-8EE1-4B2D-9C75-B713CD0F121B}.Release|x64.Build.0 = Release|x64
		{56B11C01-8EE1-4B2D-9C75-B713CD0F121B}.Release|x86.ActiveCfg = Release|Win32
		{56B11C01-8EE1-4B2D-9C75-B713CD0F121B}.Release|x86.Build.0 = Release|Win32
		{D09D5FC8-DC61-44D7-B6CF-F5BFACECB98E}.Debug|x64.ActiveCfg = Debug|x64
		{D09D5FC8-DC61-44D7-B6CF-F5BFACECB98E}.Debug|x64.Build.0 = Debug|x64
		{D09D5FC8-DC61-44D7-B6CF-F5BFACECB98E}.Debug|x86.ActiveCfg = Debug|Win32
		{D09D5FC8-DC61-44D7-B6CF-F5BFACECB98E}.Debug|x86.Build.0 = Debug|Win32
		{D09D5FC8-DC61-44D7-B6CF-F5BFACECB98E}.Release|x64.ActiveCfg = Release|x64
		{D09D5FC8-DC61-44D7-B6CF-F5BFACECB98E}.Release|x64.Build.0 = Release|x64
		{D09D5FC8-DC61-44D7-B6CF-F5BFACECB98E}.Release|x86.ActiveCfg = Release|Win32
		{D09D5FC8-DC61-44D7-B6CF-F5BFACECB98E}.Release|x86.Build.0 = Release|Win32
		{01C749EB-FE65-4607-B91A-4D20FC245B53}.Debug|x64.ActiveCfg = Debug|x64
		{01C749EB-FE65-4607-B91A-4D20FC245B53}.Debug|x64.Build.0 = Debug|x64
		{01C749EB-FE65-4607-B91A-4D20FC245B53}.Debug|x86.ActiveCfg = Debug|Win32
		{01C749EB-FE65-4607-B91A-4D20FC245B53}.Debug|x86.Build.0 = Debug|Win32
		{01C749EB-FE65-4607-B91A-4D20FC245B53}.Release|x64.ActiveCfg = Release|x64
		{01C749EB-FE65-4607-B91A-4D20FC245B53}.Release|x64.Build.0 = Release|x64
		{01C749EB-FE65-4607-B91A-4D20FC245B53}.Release|x86.ActiveCfg = Release|Win32
		{01C749EB-FE65-4607-B91A-4D20FC245B53}.Release|x86.Build.0 = Release|Win32
		{E41CA83F-F342-45F4-9EB2-F2F6365A185D}.Debug|x64.ActiveCfg = Debug|x64
		{E41CA83F-F342-45F4-9EB2-F2F6365A185D}.Debug|x64.Build.0 = Debug|x64
		{E41CA83F-F342-45F4-9EB2-F2F6365A185D}.Debug|x86.ActiveCfg = Debug|Win32
		{E41CA83F-F342-45F4-9EB2-F2F6365A185D}.Debug|x86.Build.0 = Debug|Win32
		{E41CA83F-F342-45F4-9EB2-F2F6365A185D}.Release|x64.ActiveCfg = Release|x64
		{E41CA83F-F342-45F4-9EB2-F2F6365A185D}.Release|x64.Build.0 = Release|x64
		{E41CA83F-F342-45F4-9EB2-F2F6365A185D}.Release|x86.ActiveCfg = Release|Win32
		{E41CA83F-F342-45F4-9EB2-F2F6365A185D}.Release|x86.Build.0 = Release|Win32
		{811BE697-FA6E-4188-92A9-3E17A01B24BD}.Debug|x64.ActiveCfg = Debug|x64
		{811BE697-FA6E-4188-92A9-3E17A01B24BD}.Debug|x64.Build.0 = Debug|x64
		{811BE697-FA6E-4188-92A9-3E17A01B24BD}.Debug|x86.ActiveCfg = Debug|Win32
		{811BE697-FA6E-4188-92A9-3E17A01B24BD}.Debug|x86.Build.0 = Debug|Win32
		{811BE697-FA6E-4188-92A9-3E17A01B24BD}.Release|x64.ActiveCfg = Release|x64
		{811BE697-FA6E-4188-92A9-3E17A01B24BD}.Release|x64.Build.0 = Release|x64
		{811BE697-FA6E-4188-92A9-3E17A01B24BD}.Release|x86.ActiveCfg = Release|Win32
		{811BE697-FA6E-4188-92A9-3E17A01B24BD}.Release|x86.Build.0 = Release|Win32
		{45F7DF26-3343-4C00-9BEA-5F2C930308FD}.Debug|x64.ActiveCfg = Debug|x64
		{45F7DF26-3343-4C00-9BEA-5F2C930308FD}.Debug|x64.Build.0 = Debug|x64
		{45F7DF26-3343-4C00-9BEA-5F2C930308FD}.Debug|x86.ActiveCfg = Debug|Win32
		{45F7DF26-3343-4C00-9BEA-5F2C930308FD}.Debug|x86.Build.0 = Debug|Win32
		{45F7DF26-3343-4C00-9BEA-5F2C930308FD}.Release|x64.ActiveCfg = Release|x64
		{45F7DF26-3343-4C00-9BEA-5F2C930308FD}.Release|x64.Build.0 = Release|x64
		{45F7DF26-3343-4C00-9BEA-5F2C930308FD}.Release|x86.ActiveCfg = Release|Win32
		{45F7DF26-3343-4C00-9BEA-5F2C930308FD}.Release|x86.Build.0 = Release|Win32
		{A3253F5D-D69D-46E1-84C3-1DDBF1F0EB18}.Debug|x64.ActiveCfg = Debug|x64
		{A3253F5D-D69D-46E1-84C3-1DDBF1F0EB18}.Debug|x64.Build.0 = Debug|x64
		{A3253F5D-D69D-46E1-84C3-1DDBF1F0EB18}.Debug|x86.ActiveCfg = Debug|Win32
		{A3253F5D-D69D-46E1-84C3-1DDBF1F0EB18}.Debug|x86.Build.0 = Debug|Win32
		{A3253F5D-D69D-46E1-84C3-1DDBF1F0EB18}.Release|x64.ActiveCfg = Release|x64
		{A3253F5D-D69D-46E1-84C3-1DDBF1F0EB18}.Release|x64.Build.0 = Release|x64
		{A3253F5D-D69D-46E1-84C3-1DDBF1F0EB18}.Release|x86.ActiveCfg = Release|Win32
		{A3253F5D-D69D-46E1-84C3-1DDBF1F0EB18}.Release|x86.Build.0 = Release|Win32
		{FE7C1E05-0AD0-4CDA-ABD0-A592A7C859F8}.Debug|x64.ActiveCfg = Debug|x64
		{FE7C1E05-0AD0-4CDA-ABD0-A592A7C859F8}.Debug|x64.Build.0 = Debug|x64
		{FE7C1E05-0AD0-4CDA-ABD0-A592A7C859F8}.Debug|x86.ActiveCfg = Debug|Win32
		{FE7C1E05-0AD0-4CDA-ABD0-A592A7C859F8}.Debug|x86.Build.0 = Debug|Win32
		{FE7C1E05-0AD0-4CDA-ABD0-A592A7C859F8}.Release|x64.ActiveCfg = Release|x64
		{FE7C1E05-0AD0-4CDA-ABD0-A592A7C859F8}.Release|x64.Build.0 = Release|x64
		{FE7C1E05-0AD0-4CDA-ABD0-A592A7C859F8}.Release|x86.ActiveCfg = Release|Win32
		{FE7C1E05-0AD0-4CDA-ABD0-A592A7C859F8}.Release|x86.Build.0 = Release|Win32
		{F65BE78E-B61E-4032-8523-DCBC67FE7BAB}.Debug|x64.ActiveCfg = Debug|x64
		{F65BE78E-B61E-4032-8523-DCBC67FE7BAB}.Debug|x64.Build.0 = Debug|x64
		{F65BE78E-B61E-4032-8523-DCBC67FE7BAB}.Debug|x86.ActiveCfg = Debug|Win32
		{F65BE78E-B61E-4032-8523-DCBC67FE7BAB}.Debug|x86.Build.0 = Debug|Win32
		{F65BE78E-B61E-4032-8523-DCBC67FE7BAB}.Release|x64.ActiveCfg = Release|x64
		{F65BE78E-B61E-4032-8523-DCBC67FE7BAB}.Release|x64.Build.0 = Release|x64
		{F65BE78E-B61E-4032-8523-DCBC67FE7BAB}.Release|x86.ActiveCfg = Release|Win32
		{F65BE78E-B61E-4032-8523-DCBC67FE7BAB}.Release|x86.Build.0 = Release|Win32
		{69C9C75E-C7DB-4046-B8FF-76EC17704F5B}.Debug|x64.ActiveCfg = Debug|x64
		{69C9C75E-C7DB-4046-B8FF-76EC17704F5B}.Debug|x64.Build.0 = Debug|x64
		{69C9C75E-C7DB-4046-B8FF-76EC17704F5B}.Debug|x86.ActiveCfg = Debug|Win32
		{69C9C75E-C7DB-4046-B8FF-76EC17704F5B}.Debug|x86.Build.0 = Debug|Win32
		{69C9C75E-C7DB-4046-B8FF-76EC17704F5B}.Release|x64.ActiveCfg = Release|x64
		{69C9C75E-C7DB-4046-B8FF-76EC17704F5B}.Release|x64.Build.0 = Release|x64
		{69C9C75E-C7DB-4046-B8FF-76EC17704F5B}.Release|x86.ActiveCfg = Release|Win32
		{69C9C75E-C7DB-4046-B8FF-76EC17704F5B}.Release|x86.Build.0 = Release|Win32
	EndGlobalSection
	GlobalSection(SolutionProperties) = preSolution
		HideSolutionNode = FALSE
	EndGlobalSection
	GlobalSection(NestedProjects) = preSolution
		{FDA1346B-4FFF-4535-A5D5-7D9208CB264C} = {C59DAB29-74DA-44A2-82D0-CCBC2D1AB71A}
		{4253116A-8C36-4426-BBC1-68190AFBEDF1} = {C59DAB29-74DA-44A2-82D0-CCBC2D1AB71A}
		{3E8DFEE1-2BB3-4AB1-B35D-5CA3D0CF290B} = {911D1475-5C1A-4D43-A268-D31102A66606}
		{3F635004-733A-44A4-B296-3E32C619B3D4} = {C59DAB29-74DA-44A2-82D0-CCBC2D1AB71A}
		{5DEDB1A9-1B14-4689-BBC2-49AEF9E75300} = {89F8F2E5-2601-433A-AF16-69694A928F86}
		{7DA56B3E-6C64-44D8-A9DF-68059AFE699F} = {911D1475-5C1A-4D43-A268-D31102A66606}
		{B813FA46-087C-46B8-86FD-527CD0B55F09} = {C59DAB29-74DA-44A2-82D0-CCBC2D1AB71A}
		{604D3678-7983-48FA-9A3B-51823EDF2043} = {911D1475-5C1A-4D43-A268-D31102A66606}
		{422B1DF4-F1A4-4C64-BCDB-3F1BAAAAA768} = {C59DAB29-74DA-44A2-82D0-CCBC2D1AB71A}
		{0D562F93-FA87-48E5-B0F5-7F96C9F74DD1} = {911D1475-5C1A-4D43-A268-D31102A66606}
		{DCD19C77-9559-4A96-A1DB-3226ECF0D69C} = {911D1475-5C1A-4D43-A268-D31102A66606}
		{E0B52AE7-E160-4D32-BF3F-910B785E5A8E} = {C546B6C0-9B02-47DA-8806-54C6210EE2F7}
		{16F8B16F-BA0E-4B52-81D2-BE21F36426C2} = {911D1475-5C1A-4D43-A268-D31102A66606}
		{4334D276-0997-42ED-BE95-5BA151A05F31} = {FACF6A84-1014-43BB-AEAE-F26CD2EDF60A}
		{DE4413EE-D241-4418-B56E-982935E64502} = {911D1475-5C1A-4D43-A268-D31102A66606}
		{754E3169-94C2-4FDD-9791-EB1F5985FAF7} = {911D1475-5C1A-4D43-A268-D31102A66606}
		{6947081A-AD6B-49C5-B35B-4313E3DE706E} = {C546B6C0-9B02-47DA-8806-54C6210EE2F7}
		{654F6752-2D19-4217-96B3-F773E625E99F} = {911D1475-5C1A-4D43-A268-D31102A66606}
		{F390AF0B-AE8E-46DA-BB6A-1A4BD95F2CC2} = {911D1475-5C1A-4D43-A268-D31102A66606}
		{BD110F4D-AF6D-4393-ABCD-4DBAA76A3772} = {D17BD35A-3841-405D-9022-7A42C322B869}
		{F0CFFF50-94C6-418B-9109-8C0EE4C87270} = {C546B6C0-9B02-47DA-8806-54C6210EE2F7}
		{6DDA5A00-B7FF-4B46-9032-5D57F3ACCD83} = {911D1475-5C1A-4D43-A268-D31102A66606}
		{59890903-5CF2-4AB3-982C-9D92E4828441} = {911D1475-5C1A-4D43-A268-D31102A66606}
		{CE51CE47-42E4-47D9-B002-72481053DE7B} = {911D1475-5C1A-4D43-A268-D31102A66606}
		{EA65FDF6-AF1A-46F3-9D2B-9A2D1E9B544D} = {911D1475-5C1A-4D43-A268-D31102A66606}
		{041F1EC1-512F-474C-9B33-579F92A8CEDF} = {F1086130-D47B-47A1-907F-E74428EE2340}
		{D126D36D-73D4-44B9-A1B3-8EF0DBE12A05} = {A211B5C7-2BB5-4BE6-9D1F-E6F6D44C2555}
		{D52012A3-EF9F-407E-AAEE-52A3D1A0FE42} = {F1086130-D47B-47A1-907F-E74428EE2340}
		{DB89AD03-CDCA-452D-8852-02AF25B0C10C} = {F1086130-D47B-47A1-907F-E74428EE2340}
		{72576F9E-1F5F-4F9D-BECC-27595F0BA151} = {C59DAB29-74DA-44A2-82D0-CCBC2D1AB71A}
		{59AF2AAD-6022-47CA-9C5F-187AA74B4C55} = {F1086130-D47B-47A1-907F-E74428EE2340}
		{4ACB6574-1D89-4252-ACC5-92FA45614843} = {C59DAB29-74DA-44A2-82D0-CCBC2D1AB71A}
		{41EC0659-5F08-463E-B406-9B130560E986} = {F1086130-D47B-47A1-907F-E74428EE2340}
		{56B11C01-8EE1-4B2D-9C75-B713CD0F121B} = {D17BD35A-3841-405D-9022-7A42C322B869}
		{D09D5FC8-DC61-44D7-B6CF-F5BFACECB98E} = {C59DAB29-74DA-44A2-82D0-CCBC2D1AB71A}
		{01C749EB-FE65-4607-B91A-4D20FC245B53} = {FD695DE1-DB02-4739-A1B1-4151DA0E706E}
		{E41CA83F-F342-45F4-9EB2-F2F6365A185D} = {FD695DE1-DB02-4739-A1B1-4151DA0E706E}
		{FD695DE1-DB02-4739-A1B1-4151DA0E706E} = {D17BD35A-3841-405D-9022-7A42C322B869}
		{811BE697-FA6E-4188-92A9-3E17A01B24BD} = {D17BD35A-3841-405D-9022-7A42C322B869}
		{45F7DF26-3343-4C00-9BEA-5F2C930308FD} = {D17BD35A-3841-405D-9022-7A42C322B869}
		{A3253F5D-D69D-46E1-84C3-1DDBF1F0EB18} = {D17BD35A-3841-405D-9022-7A42C322B869}
		{FE7C1E05-0AD0-4CDA-ABD0-A592A7C859F8} = {D17BD35A-3841-405D-9022-7A42C322B869}
		{F65BE78E-B61E-4032-8523-DCBC67FE7BAB} = {FACF6A84-1014-43BB-AEAE-F26CD2EDF60A}
		{69C9C75E-C7DB-4046-B8FF-76EC17704F5B} = {D17BD35A-3841-405D-9022-7A42C322B869}
	EndGlobalSection
	GlobalSection(ExtensibilityGlobals) = postSolution
		SolutionGuid = {774B55AB-49C2-4EDC-97C6-33E4A810EE94}
	EndGlobalSection
	GlobalSection(TeamFoundationVersionControl) = preSolution
		SccNumberOfProjects = 2
		SccEnterpriseProvider = {4CA58AB2-18FA-4F8D-95D4-32DDF27D184C}
		SccTeamFoundationServer = https://shiyileish.visualstudio.com/
		SccProjectUniqueName0 = Input\\Input.vcxproj
		SccProjectTopLevelParentUniqueName0 = SEngine.sln
		SccProjectName0 = Input
		SccAuxPath0 = https://shiyileish.visualstudio.com
		SccLocalPath0 = Input
		SccProvider0 = {4CA58AB2-18FA-4F8D-95D4-32DDF27D184C}
		SccProjectUniqueName1 = External\\ImGui\\ImGui.vcxproj
		SccProjectTopLevelParentUniqueName1 = SEngine.sln
		SccProjectName1 = External/ImGui
		SccAuxPath1 = https://shiyileish.visualstudio.com
		SccLocalPath1 = External\\ImGui
		SccProvider1 = {4CA58AB2-18FA-4F8D-95D4-32DDF27D184C}
	EndGlobalSection
EndGlobal
