<?xml version="1.0" encoding="utf-8"?>
<Project ToolsVersion="4.0" xmlns="http://schemas.microsoft.com/developer/msbuild/2003">
  <ItemGroup>
    <Filter Include="Inc">
      <UniqueIdentifier>{0b84acf0-9d3b-4c6f-a074-69dd0a36c4f3}</UniqueIdentifier>
    </Filter>
    <Filter Include="Src">
      <UniqueIdentifier>{b85a6622-0d6f-4546-847a-78a51b0fc38a}</UniqueIdentifier>
    </Filter>
  </ItemGroup>
  <ItemGroup>
    <ClInclude Include="Src\Precompiled.h">
      <Filter>Src</Filter>
    </ClInclude>
    <ClInclude Include="Inc\Common.h">
      <Filter>Inc</Filter>
    </ClInclude>
    <ClInclude Include="Inc\Geometry.h">
      <Filter>Inc</Filter>
    </ClInclude>
    <ClInclude Include="Inc\Circle.h">
      <Filter>Inc</Filter>
    </ClInclude>
    <ClInclude Include="Inc\LineSegment2D.h">
      <Filter>Inc</Filter>
    </ClInclude>
    <ClInclude Include="Inc\LineSegment3D.h">
      <Filter>Inc</Filter>
    </ClInclude>
    <ClInclude Include="Inc\Plane.h">
      <Filter>Inc</Filter>
    </ClInclude>
    <ClInclude Include="Inc\Ray.h">
      <Filter>Inc</Filter>
    </ClInclude>
    <ClInclude Include="Inc\Rectangle.h">
      <Filter>Inc</Filter>
    </ClInclude>
    <ClInclude Include="Inc\Sphere.h">
      <Filter>Inc</Filter>
    </ClInclude>
    <ClInclude Include="Inc\AABB.h">
      <Filter>Inc</Filter>
    </ClInclude>
    <ClInclude Include="Inc\OBB.h">
      <Filter>Inc</Filter>
    </ClInclude>
  </ItemGroup>
  <ItemGroup>
    <ClCompile Include="Src\Precompiled.cpp">
      <Filter>Src</Filter>
    </ClCompile>
    <ClCompile Include="Src\Geometry.cpp">
      <Filter>Src</Filter>
    </ClCompile>
  </ItemGroup>
</Project>