<?xml version="1.0" encoding="utf-8"?>
<Project ToolsVersion="4.0" xmlns="http://schemas.microsoft.com/developer/msbuild/2003">
  <ItemGroup>
    <Filter Include="Inc">
      <UniqueIdentifier>{f5f9dc99-3395-4b28-a640-fb8cae164989}</UniqueIdentifier>
    </Filter>
    <Filter Include="Src">
      <UniqueIdentifier>{556f52bf-92fc-415d-a5dc-77602311ab7f}</UniqueIdentifier>
    </Filter>
    <Filter Include="Inc\FSM">
      <UniqueIdentifier>{9a2ee751-6a67-437b-9bf3-d616cb064e78}</UniqueIdentifier>
    </Filter>
    <Filter Include="Inc\Steering">
      <UniqueIdentifier>{2dd16d06-bf4d-4a67-b047-107e638e1f9b}</UniqueIdentifier>
    </Filter>
    <Filter Include="Src\Steering">
      <UniqueIdentifier>{3d58c4b6-2d45-41b7-9941-e8ef339b6242}</UniqueIdentifier>
    </Filter>
    <Filter Include="Inc\Steering\Behaviors">
      <UniqueIdentifier>{b9fa41d9-f393-47c1-85bb-737c8e24ec35}</UniqueIdentifier>
    </Filter>
    <Filter Include="Src\Steering\Behaviors">
      <UniqueIdentifier>{d0a22852-d7a9-414a-9acb-7c3a5c470c93}</UniqueIdentifier>
    </Filter>
    <Filter Include="Inc\Perception">
      <UniqueIdentifier>{84bec62d-eefd-41bc-a925-73bf288a08de}</UniqueIdentifier>
    </Filter>
    <Filter Include="Src\Perception">
      <UniqueIdentifier>{f6ea4c63-16f3-44ba-ad8d-5ec791152feb}</UniqueIdentifier>
    </Filter>
    <Filter Include="Inc\Decision">
      <UniqueIdentifier>{d2badad8-9dcd-4b5c-9ec1-eb46f3af59b4}</UniqueIdentifier>
    </Filter>
  </ItemGroup>
  <ItemGroup>
    <ClInclude Include="Inc\AI.h">
      <Filter>Inc</Filter>
    </ClInclude>
    <ClInclude Include="Inc\Common.h">
      <Filter>Inc</Filter>
    </ClInclude>
    <ClInclude Include="Inc\State.h">
      <Filter>Inc\FSM</Filter>
    </ClInclude>
    <ClInclude Include="Inc\StateMachine.h">
      <Filter>Inc\FSM</Filter>
    </ClInclude>
    <ClInclude Include="Inc\SteeringBehavior.h">
      <Filter>Inc\Steering</Filter>
    </ClInclude>
    <ClInclude Include="Inc\SteeringModule.h">
      <Filter>Inc\Steering</Filter>
    </ClInclude>
    <ClInclude Include="Inc\AIWorld.h">
      <Filter>Inc</Filter>
    </ClInclude>
    <ClInclude Include="Inc\Agent.h">
      <Filter>Inc</Filter>
    </ClInclude>
    <ClInclude Include="Inc\SeekBehavior.h">
      <Filter>Inc\Steering\Behaviors</Filter>
    </ClInclude>
    <ClInclude Include="Inc\PerceptionModule.h">
      <Filter>Inc\Perception</Filter>
    </ClInclude>
    <ClInclude Include="Inc\Sensor.h">
      <Filter>Inc\Perception</Filter>
    </ClInclude>
    <ClInclude Include="Inc\MemoryRecord.h">
      <Filter>Inc\Perception</Filter>
    </ClInclude>
    <ClInclude Include="Src\Precompiled.h">
      <Filter>Src</Filter>
    </ClInclude>
    <ClInclude Include="Inc\ArriveBehavior.h">
      <Filter>Inc\Steering\Behaviors</Filter>
    </ClInclude>
    <ClInclude Include="Inc\WanderBehavior.h">
      <Filter>Inc\Steering\Behaviors</Filter>
    </ClInclude>
    <ClInclude Include="Inc\ObstacleAvoidanceBehavior.h">
      <Filter>Inc\Steering\Behaviors</Filter>
    </ClInclude>
    <ClInclude Include="Inc\AlignmentBehavior.h">
      <Filter>Inc\Steering\Behaviors</Filter>
    </ClInclude>
    <ClInclude Include="Inc\CohesionBehavior.h">
      <Filter>Inc\Steering\Behaviors</Filter>
    </ClInclude>
    <ClInclude Include="Inc\SeparationBehavior.h">
      <Filter>Inc\Steering\Behaviors</Filter>
    </ClInclude>
    <ClInclude Include="Inc\DecisionModule.h">
      <Filter>Inc\Decision</Filter>
    </ClInclude>
    <ClInclude Include="Inc\Goal.h">
      <Filter>Inc\Decision</Filter>
    </ClInclude>
    <ClInclude Include="Inc\GoalComposite.h">
      <Filter>Inc\Decision</Filter>
    </ClInclude>
    <ClInclude Include="Inc\Strategy.h">
      <Filter>Inc\Decision</Filter>
    </ClInclude>
    <ClInclude Include="Inc\Entity.h">
      <Filter>Inc</Filter>
    </ClInclude>
    <ClInclude Include="Inc\PathPlanner.h">
      <Filter>Inc</Filter>
    </ClInclude>
    <ClInclude Include="Inc\WallAvoidanceBehavior.h">
      <Filter>Inc\Steering\Behaviors</Filter>
    </ClInclude>
    <ClInclude Include="Inc\Graph.h">
      <Filter>Inc</Filter>
    </ClInclude>
  </ItemGroup>
  <ItemGroup>
    <ClCompile Include="Src\Precompiled.cpp">
      <Filter>Src</Filter>
    </ClCompile>
    <ClCompile Include="Src\SteeringModule.cpp">
      <Filter>Src\Steering</Filter>
    </ClCompile>
    <ClCompile Include="Src\AIWorld.cpp">
      <Filter>Src</Filter>
    </ClCompile>
    <ClCompile Include="Src\Agent.cpp">
      <Filter>Src</Filter>
    </ClCompile>
    <ClCompile Include="Src\PerceptionModule.cpp">
      <Filter>Src\Perception</Filter>
    </ClCompile>
    <ClCompile Include="Src\SeekBehavior.cpp">
      <Filter>Src\Steering\Behaviors</Filter>
    </ClCompile>
    <ClCompile Include="Src\ArriveBehavior.cpp">
      <Filter>Src\Steering\Behaviors</Filter>
    </ClCompile>
    <ClCompile Include="Src\WanderBehavior.cpp">
      <Filter>Src\Steering\Behaviors</Filter>
    </ClCompile>
    <ClCompile Include="Src\ObstacleAvoidanceBehavior.cpp">
      <Filter>Src\Steering\Behaviors</Filter>
    </ClCompile>
    <ClCompile Include="Src\AlignmentBehavior.cpp">
      <Filter>Src\Steering\Behaviors</Filter>
    </ClCompile>
    <ClCompile Include="Src\CohesionBehavior.cpp">
      <Filter>Src\Steering\Behaviors</Filter>
    </ClCompile>
    <ClCompile Include="Src\SeparationBehavior.cpp">
      <Filter>Src\Steering\Behaviors</Filter>
    </ClCompile>
    <ClCompile Include="Src\PathPlanner.cpp">
      <Filter>Src</Filter>
    </ClCompile>
    <ClCompile Include="Src\Entity.cpp">
      <Filter>Src</Filter>
    </ClCompile>
    <ClCompile Include="Src\WallAvoidanceBehavior.cpp">
      <Filter>Src\Steering\Behaviors</Filter>
    </ClCompile>
    <ClCompile Include="Src\Graph.cpp">
      <Filter>Src</Filter>
    </ClCompile>
  </ItemGroup>
  <ItemGroup>
    <None Include="Inc\DecisionModule.inl">
      <Filter>Inc\Decision</Filter>
    </None>
    <None Include="Inc\Goal.inl">
      <Filter>Inc\Decision</Filter>
    </None>
    <None Include="Inc\GoalComposite.inl">
      <Filter>Inc\Decision</Filter>
    </None>
  </ItemGroup>
</Project>