<?xml version="1.0" encoding="utf-8"?>
<Project ToolsVersion="4.0" xmlns="http://schemas.microsoft.com/developer/msbuild/2003">
  <ItemGroup>
    <Filter Include="Inc">
      <UniqueIdentifier>{cb86ec63-c530-44b9-87f5-c8cb0a8d1166}</UniqueIdentifier>
    </Filter>
    <Filter Include="Src">
      <UniqueIdentifier>{4d954928-0bcf-4f37-a0df-ebd3b8896dfa}</UniqueIdentifier>
    </Filter>
    <Filter Include="Inc\Components">
      <UniqueIdentifier>{920f36a4-97c3-4af1-9af0-4057b854cbd3}</UniqueIdentifier>
    </Filter>
    <Filter Include="Inc\Services">
      <UniqueIdentifier>{c551ab35-01a2-43d5-8d4d-6fc5980a5b46}</UniqueIdentifier>
    </Filter>
    <Filter Include="Src\Components">
      <UniqueIdentifier>{9812236d-8f6c-42bc-86c6-4ef2a1e7af91}</UniqueIdentifier>
    </Filter>
    <Filter Include="Src\Services">
      <UniqueIdentifier>{6011b844-af37-4e71-b691-a55e2dd9fe14}</UniqueIdentifier>
    </Filter>
  </ItemGroup>
  <ItemGroup>
    <ClInclude Include="Src\Precompiled.h">
      <Filter>Src</Filter>
    </ClInclude>
    <ClInclude Include="Inc\Common.h">
      <Filter>Inc</Filter>
    </ClInclude>
    <ClInclude Include="Inc\GameEngine.h">
      <Filter>Inc</Filter>
    </ClInclude>
    <ClInclude Include="Inc\GameObject.h">
      <Filter>Inc</Filter>
    </ClInclude>
    <ClInclude Include="Inc\GameObjectFactory.h">
      <Filter>Inc</Filter>
    </ClInclude>
    <ClInclude Include="Inc\World.h">
      <Filter>Inc</Filter>
    </ClInclude>
    <ClInclude Include="Inc\XMLReader.h">
      <Filter>Inc</Filter>
    </ClInclude>
    <ClInclude Include="Inc\Utils.h">
      <Filter>Inc</Filter>
    </ClInclude>
    <ClInclude Include="Inc\Quadtree.h">
      <Filter>Inc</Filter>
    </ClInclude>
    <ClInclude Include="Inc\Terrain.h">
      <Filter>Inc</Filter>
    </ClInclude>
    <ClInclude Include="Inc\MetaRegistration.h">
      <Filter>Inc</Filter>
    </ClInclude>
    <ClInclude Include="Inc\SkyBox.h">
      <Filter>Inc</Filter>
    </ClInclude>
    <ClInclude Include="Inc\Component.h">
      <Filter>Inc\Components</Filter>
    </ClInclude>
    <ClInclude Include="Inc\TransformComponent.h">
      <Filter>Inc\Components</Filter>
    </ClInclude>
    <ClInclude Include="Inc\Service.h">
      <Filter>Inc\Services</Filter>
    </ClInclude>
    <ClInclude Include="Inc\NavigationService.h">
      <Filter>Inc\Services</Filter>
    </ClInclude>
  </ItemGroup>
  <ItemGroup>
    <ClCompile Include="Src\Precompiled.cpp">
      <Filter>Src</Filter>
    </ClCompile>
    <ClCompile Include="Src\GameObject.cpp">
      <Filter>Src</Filter>
    </ClCompile>
    <ClCompile Include="Src\GameObjectFactory.cpp">
      <Filter>Src</Filter>
    </ClCompile>
    <ClCompile Include="Src\World.cpp">
      <Filter>Src</Filter>
    </ClCompile>
    <ClCompile Include="Src\XMLReader.cpp">
      <Filter>Src</Filter>
    </ClCompile>
    <ClCompile Include="Src\Quadtree.cpp">
      <Filter>Src</Filter>
    </ClCompile>
    <ClCompile Include="Src\Terrain.cpp">
      <Filter>Src</Filter>
    </ClCompile>
    <ClCompile Include="Src\MetaRegistration.cpp">
      <Filter>Src</Filter>
    </ClCompile>
    <ClCompile Include="Src\SkyBox.cpp">
      <Filter>Src</Filter>
    </ClCompile>
    <ClCompile Include="Src\Component.cpp">
      <Filter>Src\Components</Filter>
    </ClCompile>
    <ClCompile Include="Src\TransformComponent.cpp">
      <Filter>Src\Components</Filter>
    </ClCompile>
    <ClCompile Include="Src\Service.cpp">
      <Filter>Src\Services</Filter>
    </ClCompile>
    <ClCompile Include="Src\NavigationService.cpp">
      <Filter>Src\Services</Filter>
    </ClCompile>
  </ItemGroup>
</Project>